
Microsoft Visual Studio Solution File, Format Version 12.00
# Visual Studio Version 17
VisualStudioVersion = 17.3.32825.248
MinimumVisualStudioVersion = 10.0.40219.1
Project("{FAE04EC0-301F-11D3-BF4B-00C04F79EFBC}") = "Calculator", "Calculator\Calculator.csproj", "{ABBAC703-A4D2-4601-B749-720C4C9ECD25}"
EndProject
Global
	GlobalSection(SolutionConfigurationPlatforms) = preSolution
		Debug|Any CPU = Debug|Any CPU
		Release|Any CPU = Release|Any CPU
	EndGlobalSection
	GlobalSection(ProjectConfigurationPlatforms) = postSolution
		{ABBAC703-A4D2-4601-B749-720C4C9ECD25}.Debug|Any CPU.ActiveCfg = Debug|Any CPU
		{ABBAC703-A4D2-4601-B749-720C4C9ECD25}.Debug|Any CPU.Build.0 = Debug|Any CPU
		{ABBAC703-A4D2-4601-B749-720C4C9ECD25}.Release|Any CPU.ActiveCfg = Release|Any CPU
		{ABBAC703-A4D2-4601-B749-720C4C9ECD25}.Release|Any CPU.Build.0 = Release|Any CPU
	EndGlobalSection
	GlobalSection(SolutionProperties) = preSolution
		HideSolutionNode = FALSE
	EndGlobalSection
	GlobalSection(ExtensibilityGlobals) = postSolution
		SolutionGuid = {51D38E79-DCE5-4E9C-894A-7A5EDDBB7980}
	EndGlobalSection
EndGlobal
